
Microsoft Visual Studio Solution File, Format Version 12.00
Project("{FAE04EC0-301F-11D3-BF4B-00C04F79EFBC}") = "10xDevs_CodeReviewChecklistGenerator", "10xDevs_CodeReviewChecklistGenerator\10xDevs_CodeReviewChecklistGenerator.csproj", "{E4AFC6AE-57E5-47A0-80EA-5103D7F5CFCB}"
EndProject
Global
	GlobalSection(SolutionConfigurationPlatforms) = preSolution
		Debug|Any CPU = Debug|Any CPU
		Release|Any CPU = Release|Any CPU
	EndGlobalSection
	GlobalSection(ProjectConfigurationPlatforms) = postSolution
		{E4AFC6AE-57E5-47A0-80EA-5103D7F5CFCB}.Debug|Any CPU.ActiveCfg = Debug|Any CPU
		{E4AFC6AE-57E5-47A0-80EA-5103D7F5CFCB}.Debug|Any CPU.Build.0 = Debug|Any CPU
		{E4AFC6AE-57E5-47A0-80EA-5103D7F5CFCB}.Release|Any CPU.ActiveCfg = Release|Any CPU
		{E4AFC6AE-57E5-47A0-80EA-5103D7F5CFCB}.Release|Any CPU.Build.0 = Release|Any CPU
	EndGlobalSection
EndGlobal
